// !$*UTF8*$!
{
	archiveVersion = 1;
	classes = {
	};
	objectVersion = 50;
	objects = {

/* Begin PBXBuildFile section */
		FC0B2C9F211CDFE500BB8801 /* Day.swift in Sources */ = {isa = PBXBuildFile; fileRef = FC0B2C9E211CDFE500BB8801 /* Day.swift */; };
		FC3E7EDF210E2F4D005234D6 /* NewActionViewController.swift in Sources */ = {isa = PBXBuildFile; fileRef = FC3E7EDE210E2F4D005234D6 /* NewActionViewController.swift */; };
		FC3F3AFA212CBBDB001F3B63 /* WeekTableViewCell.swift in Sources */ = {isa = PBXBuildFile; fileRef = FC3F3AF9212CBBDB001F3B63 /* WeekTableViewCell.swift */; };
		FC54880D20EC194A007BB6CE /* AppDelegate.swift in Sources */ = {isa = PBXBuildFile; fileRef = FC54880C20EC194A007BB6CE /* AppDelegate.swift */; };
		FC54880F20EC194A007BB6CE /* CurrentWeekViewController.swift in Sources */ = {isa = PBXBuildFile; fileRef = FC54880E20EC194A007BB6CE /* CurrentWeekViewController.swift */; };
		FC54881220EC194A007BB6CE /* Main.storyboard in Resources */ = {isa = PBXBuildFile; fileRef = FC54881020EC194A007BB6CE /* Main.storyboard */; };
		FC54881520EC194A007BB6CE /* Plus_or_Minus.xcdatamodeld in Sources */ = {isa = PBXBuildFile; fileRef = FC54881320EC194A007BB6CE /* Plus_or_Minus.xcdatamodeld */; };
		FC54881720EC194B007BB6CE /* Assets.xcassets in Resources */ = {isa = PBXBuildFile; fileRef = FC54881620EC194B007BB6CE /* Assets.xcassets */; };
		FC54881A20EC194B007BB6CE /* LaunchScreen.storyboard in Resources */ = {isa = PBXBuildFile; fileRef = FC54881820EC194B007BB6CE /* LaunchScreen.storyboard */; };
		FC54883120F00743007BB6CE /* UIView+makeCircle.swift in Sources */ = {isa = PBXBuildFile; fileRef = FC54883020F00743007BB6CE /* UIView+makeCircle.swift */; };
		FC54883320F0280E007BB6CE /* DayButton.swift in Sources */ = {isa = PBXBuildFile; fileRef = FC54883220F0280E007BB6CE /* DayButton.swift */; };
		FC5FF26C20F9630D0087646D /* WeekDays+Calendar.swift in Sources */ = {isa = PBXBuildFile; fileRef = FC5FF26B20F9630D0087646D /* WeekDays+Calendar.swift */; };
		FCBE40FB2110CCFD0023ADFE /* DayAction+CoreDataClass.swift in Sources */ = {isa = PBXBuildFile; fileRef = FCBE40F92110CCFD0023ADFE /* DayAction+CoreDataClass.swift */; };
		FCBE40FC2110CCFD0023ADFE /* DayAction+CoreDataProperties.swift in Sources */ = {isa = PBXBuildFile; fileRef = FCBE40FA2110CCFD0023ADFE /* DayAction+CoreDataProperties.swift */; };
		FCBE40FE2114C35C0023ADFE /* WeeksViewController.swift in Sources */ = {isa = PBXBuildFile; fileRef = FCBE40FD2114C35C0023ADFE /* WeeksViewController.swift */; };
		FCDD2E9721025964008AF64C /* DetailDayViewController.swift in Sources */ = {isa = PBXBuildFile; fileRef = FCDD2E9621025964008AF64C /* DetailDayViewController.swift */; };
		FCDD2E9D210272A1008AF64C /* constants.swift in Sources */ = {isa = PBXBuildFile; fileRef = FCDD2E9C210272A1008AF64C /* constants.swift */; };
		FCDD2EA121027BB2008AF64C /* DayActionController.swift in Sources */ = {isa = PBXBuildFile; fileRef = FCDD2EA021027BB2008AF64C /* DayActionController.swift */; };
		FCDD2EA3210528EF008AF64C /* DayActionTableViewCell.swift in Sources */ = {isa = PBXBuildFile; fileRef = FCDD2EA2210528EF008AF64C /* DayActionTableViewCell.swift */; };
/* End PBXBuildFile section */

/* Begin PBXFileReference section */
		FC0B2C9E211CDFE500BB8801 /* Day.swift */ = {isa = PBXFileReference; lastKnownFileType = sourcecode.swift; path = Day.swift; sourceTree = "<group>"; };
		FC3E7EDE210E2F4D005234D6 /* NewActionViewController.swift */ = {isa = PBXFileReference; lastKnownFileType = sourcecode.swift; path = NewActionViewController.swift; sourceTree = "<group>"; };
		FC3F3AF9212CBBDB001F3B63 /* WeekTableViewCell.swift */ = {isa = PBXFileReference; lastKnownFileType = sourcecode.swift; path = WeekTableViewCell.swift; sourceTree = "<group>"; };
		FC54880920EC194A007BB6CE /* Plus or Minus.app */ = {isa = PBXFileReference; explicitFileType = wrapper.application; includeInIndex = 0; path = "Plus or Minus.app"; sourceTree = BUILT_PRODUCTS_DIR; };
		FC54880C20EC194A007BB6CE /* AppDelegate.swift */ = {isa = PBXFileReference; lastKnownFileType = sourcecode.swift; path = AppDelegate.swift; sourceTree = "<group>"; };
		FC54880E20EC194A007BB6CE /* CurrentWeekViewController.swift */ = {isa = PBXFileReference; lastKnownFileType = sourcecode.swift; path = CurrentWeekViewController.swift; sourceTree = "<group>"; };
		FC54881120EC194A007BB6CE /* Base */ = {isa = PBXFileReference; lastKnownFileType = file.storyboard; name = Base; path = Base.lproj/Main.storyboard; sourceTree = "<group>"; };
		FC54881420EC194A007BB6CE /* Plus_or_Minus.xcdatamodel */ = {isa = PBXFileReference; lastKnownFileType = wrapper.xcdatamodel; path = Plus_or_Minus.xcdatamodel; sourceTree = "<group>"; };
		FC54881620EC194B007BB6CE /* Assets.xcassets */ = {isa = PBXFileReference; lastKnownFileType = folder.assetcatalog; path = Assets.xcassets; sourceTree = "<group>"; };
		FC54881920EC194B007BB6CE /* Base */ = {isa = PBXFileReference; lastKnownFileType = file.storyboard; name = Base; path = Base.lproj/LaunchScreen.storyboard; sourceTree = "<group>"; };
		FC54881B20EC194B007BB6CE /* Info.plist */ = {isa = PBXFileReference; lastKnownFileType = text.plist.xml; path = Info.plist; sourceTree = "<group>"; };
		FC54883020F00743007BB6CE /* UIView+makeCircle.swift */ = {isa = PBXFileReference; lastKnownFileType = sourcecode.swift; path = "UIView+makeCircle.swift"; sourceTree = "<group>"; };
		FC54883220F0280E007BB6CE /* DayButton.swift */ = {isa = PBXFileReference; lastKnownFileType = sourcecode.swift; path = DayButton.swift; sourceTree = "<group>"; };
		FC5FF26B20F9630D0087646D /* WeekDays+Calendar.swift */ = {isa = PBXFileReference; lastKnownFileType = sourcecode.swift; path = "WeekDays+Calendar.swift"; sourceTree = "<group>"; };
		FCBE40F92110CCFD0023ADFE /* DayAction+CoreDataClass.swift */ = {isa = PBXFileReference; lastKnownFileType = sourcecode.swift; path = "DayAction+CoreDataClass.swift"; sourceTree = "<group>"; };
		FCBE40FA2110CCFD0023ADFE /* DayAction+CoreDataProperties.swift */ = {isa = PBXFileReference; lastKnownFileType = sourcecode.swift; path = "DayAction+CoreDataProperties.swift"; sourceTree = "<group>"; };
		FCBE40FD2114C35C0023ADFE /* WeeksViewController.swift */ = {isa = PBXFileReference; lastKnownFileType = sourcecode.swift; path = WeeksViewController.swift; sourceTree = "<group>"; };
		FCDD2E9621025964008AF64C /* DetailDayViewController.swift */ = {isa = PBXFileReference; lastKnownFileType = sourcecode.swift; path = DetailDayViewController.swift; sourceTree = "<group>"; };
		FCDD2E9C210272A1008AF64C /* constants.swift */ = {isa = PBXFileReference; lastKnownFileType = sourcecode.swift; path = constants.swift; sourceTree = "<group>"; };
		FCDD2EA021027BB2008AF64C /* DayActionController.swift */ = {isa = PBXFileReference; lastKnownFileType = sourcecode.swift; path = DayActionController.swift; sourceTree = "<group>"; };
		FCDD2EA2210528EF008AF64C /* DayActionTableViewCell.swift */ = {isa = PBXFileReference; lastKnownFileType = sourcecode.swift; path = DayActionTableViewCell.swift; sourceTree = "<group>"; };
/* End PBXFileReference section */

/* Begin PBXFrameworksBuildPhase section */
		FC54880620EC194A007BB6CE /* Frameworks */ = {
			isa = PBXFrameworksBuildPhase;
			buildActionMask = 2147483647;
			files = (
			);
			runOnlyForDeploymentPostprocessing = 0;
		};
/* End PBXFrameworksBuildPhase section */

/* Begin PBXGroup section */
		FC3F3AF8212CBBBE001F3B63 /* TableViewCells */ = {
			isa = PBXGroup;
			children = (
				FCDD2EA2210528EF008AF64C /* DayActionTableViewCell.swift */,
				FC3F3AF9212CBBDB001F3B63 /* WeekTableViewCell.swift */,
			);
			path = TableViewCells;
			sourceTree = "<group>";
		};
		FC54880020EC194A007BB6CE = {
			isa = PBXGroup;
			children = (
				FC54880B20EC194A007BB6CE /* Plus or Minus */,
				FC54880A20EC194A007BB6CE /* Products */,
			);
			sourceTree = "<group>";
		};
		FC54880A20EC194A007BB6CE /* Products */ = {
			isa = PBXGroup;
			children = (
				FC54880920EC194A007BB6CE /* Plus or Minus.app */,
			);
			name = Products;
			sourceTree = "<group>";
		};
		FC54880B20EC194A007BB6CE /* Plus or Minus */ = {
			isa = PBXGroup;
			children = (
				FCDD2E9F21027B87008AF64C /* CoreDataController */,
				FCDD2E932102555A008AF64C /* ViewController */,
				FC5FF26A20F962DB0087646D /* Utils */,
				FC54882F20F00720007BB6CE /* View */,
				FC54882920EEB5DE007BB6CE /* Model */,
				FC54880C20EC194A007BB6CE /* AppDelegate.swift */,
				FC54881020EC194A007BB6CE /* Main.storyboard */,
				FC54881620EC194B007BB6CE /* Assets.xcassets */,
				FC54881820EC194B007BB6CE /* LaunchScreen.storyboard */,
				FC54881B20EC194B007BB6CE /* Info.plist */,
				FC54881320EC194A007BB6CE /* Plus_or_Minus.xcdatamodeld */,
			);
			path = "Plus or Minus";
			sourceTree = "<group>";
		};
		FC54882920EEB5DE007BB6CE /* Model */ = {
			isa = PBXGroup;
			children = (
				FC54882A20EEB5E5007BB6CE /* CoreData */,
				FC0B2C9E211CDFE500BB8801 /* Day.swift */,
			);
			path = Model;
			sourceTree = "<group>";
		};
		FC54882A20EEB5E5007BB6CE /* CoreData */ = {
			isa = PBXGroup;
			children = (
				FCDD2E9E21027B72008AF64C /* DayAction */,
			);
			path = CoreData;
			sourceTree = "<group>";
		};
		FC54882F20F00720007BB6CE /* View */ = {
			isa = PBXGroup;
			children = (
				FC3F3AF8212CBBBE001F3B63 /* TableViewCells */,
				FC54883020F00743007BB6CE /* UIView+makeCircle.swift */,
				FC54883220F0280E007BB6CE /* DayButton.swift */,
			);
			path = View;
			sourceTree = "<group>";
		};
		FC5FF26A20F962DB0087646D /* Utils */ = {
			isa = PBXGroup;
			children = (
				FC5FF26B20F9630D0087646D /* WeekDays+Calendar.swift */,
				FCDD2E9C210272A1008AF64C /* constants.swift */,
			);
			path = Utils;
			sourceTree = "<group>";
		};
		FCDD2E932102555A008AF64C /* ViewController */ = {
			isa = PBXGroup;
			children = (
				FCDD2E9621025964008AF64C /* DetailDayViewController.swift */,
				FC54880E20EC194A007BB6CE /* CurrentWeekViewController.swift */,
				FC3E7EDE210E2F4D005234D6 /* NewActionViewController.swift */,
				FCBE40FD2114C35C0023ADFE /* WeeksViewController.swift */,
			);
			path = ViewController;
			sourceTree = "<group>";
		};
		FCDD2E9E21027B72008AF64C /* DayAction */ = {
			isa = PBXGroup;
			children = (
				FCBE40F92110CCFD0023ADFE /* DayAction+CoreDataClass.swift */,
				FCBE40FA2110CCFD0023ADFE /* DayAction+CoreDataProperties.swift */,
			);
			path = DayAction;
			sourceTree = "<group>";
		};
		FCDD2E9F21027B87008AF64C /* CoreDataController */ = {
			isa = PBXGroup;
			children = (
				FCDD2EA021027BB2008AF64C /* DayActionController.swift */,
			);
			path = CoreDataController;
			sourceTree = "<group>";
		};
/* End PBXGroup section */

/* Begin PBXNativeTarget section */
		FC54880820EC194A007BB6CE /* Plus or Minus */ = {
			isa = PBXNativeTarget;
			buildConfigurationList = FC54881E20EC194B007BB6CE /* Build configuration list for PBXNativeTarget "Plus or Minus" */;
			buildPhases = (
				FC54880520EC194A007BB6CE /* Sources */,
				FC54880620EC194A007BB6CE /* Frameworks */,
				FC54880720EC194A007BB6CE /* Resources */,
			);
			buildRules = (
			);
			dependencies = (
			);
			name = "Plus or Minus";
			productName = "Plus or Minus";
			productReference = FC54880920EC194A007BB6CE /* Plus or Minus.app */;
			productType = "com.apple.product-type.application";
		};
/* End PBXNativeTarget section */

/* Begin PBXProject section */
		FC54880120EC194A007BB6CE /* Project object */ = {
			isa = PBXProject;
			attributes = {
				LastSwiftUpdateCheck = 0940;
				LastUpgradeCheck = 0940;
				ORGANIZATIONNAME = "Julian Vöst";
				TargetAttributes = {
					FC54880820EC194A007BB6CE = {
						CreatedOnToolsVersion = 9.4.1;
					};
				};
			};
			buildConfigurationList = FC54880420EC194A007BB6CE /* Build configuration list for PBXProject "Plus or Minus" */;
			compatibilityVersion = "Xcode 9.3";
			developmentRegion = en;
			hasScannedForEncodings = 0;
			knownRegions = (
				en,
				Base,
			);
			mainGroup = FC54880020EC194A007BB6CE;
			productRefGroup = FC54880A20EC194A007BB6CE /* Products */;
			projectDirPath = "";
			projectRoot = "";
			targets = (
				FC54880820EC194A007BB6CE /* Plus or Minus */,
			);
		};
/* End PBXProject section */

/* Begin PBXResourcesBuildPhase section */
		FC54880720EC194A007BB6CE /* Resources */ = {
			isa = PBXResourcesBuildPhase;
			buildActionMask = 2147483647;
			files = (
				FC54881A20EC194B007BB6CE /* LaunchScreen.storyboard in Resources */,
				FC54881720EC194B007BB6CE /* Assets.xcassets in Resources */,
				FC54881220EC194A007BB6CE /* Main.storyboard in Resources */,
			);
			runOnlyForDeploymentPostprocessing = 0;
		};
/* End PBXResourcesBuildPhase section */

/* Begin PBXSourcesBuildPhase section */
		FC54880520EC194A007BB6CE /* Sources */ = {
			isa = PBXSourcesBuildPhase;
			buildActionMask = 2147483647;
			files = (
				FCDD2EA121027BB2008AF64C /* DayActionController.swift in Sources */,
				FC3F3AFA212CBBDB001F3B63 /* WeekTableViewCell.swift in Sources */,
				FC54883120F00743007BB6CE /* UIView+makeCircle.swift in Sources */,
				FCBE40FE2114C35C0023ADFE /* WeeksViewController.swift in Sources */,
				FC3E7EDF210E2F4D005234D6 /* NewActionViewController.swift in Sources */,
				FCDD2E9721025964008AF64C /* DetailDayViewController.swift in Sources */,
				FCBE40FB2110CCFD0023ADFE /* DayAction+CoreDataClass.swift in Sources */,
				FCDD2EA3210528EF008AF64C /* DayActionTableViewCell.swift in Sources */,
				FCDD2E9D210272A1008AF64C /* constants.swift in Sources */,
				FC0B2C9F211CDFE500BB8801 /* Day.swift in Sources */,
				FC54881520EC194A007BB6CE /* Plus_or_Minus.xcdatamodeld in Sources */,
				FC54880F20EC194A007BB6CE /* CurrentWeekViewController.swift in Sources */,
				FC5FF26C20F9630D0087646D /* WeekDays+Calendar.swift in Sources */,
				FC54880D20EC194A007BB6CE /* AppDelegate.swift in Sources */,
				FCBE40FC2110CCFD0023ADFE /* DayAction+CoreDataProperties.swift in Sources */,
				FC54883320F0280E007BB6CE /* DayButton.swift in Sources */,
			);
			runOnlyForDeploymentPostprocessing = 0;
		};
/* End PBXSourcesBuildPhase section */

/* Begin PBXVariantGroup section */
		FC54881020EC194A007BB6CE /* Main.storyboard */ = {
			isa = PBXVariantGroup;
			children = (
				FC54881120EC194A007BB6CE /* Base */,
			);
			name = Main.storyboard;
			sourceTree = "<group>";
		};
		FC54881820EC194B007BB6CE /* LaunchScreen.storyboard */ = {
			isa = PBXVariantGroup;
			children = (
				FC54881920EC194B007BB6CE /* Base */,
			);
			name = LaunchScreen.storyboard;
			sourceTree = "<group>";
		};
/* End PBXVariantGroup section */

/* Begin XCBuildConfiguration section */
		FC54881C20EC194B007BB6CE /* Debug */ = {
			isa = XCBuildConfiguration;
			buildSettings = {
				ALWAYS_SEARCH_USER_PATHS = NO;
				CLANG_ANALYZER_NONNULL = YES;
				CLANG_ANALYZER_NUMBER_OBJECT_CONVERSION = YES_AGGRESSIVE;
				CLANG_CXX_LANGUAGE_STANDARD = "gnu++14";
				CLANG_CXX_LIBRARY = "libc++";
				CLANG_ENABLE_MODULES = YES;
				CLANG_ENABLE_OBJC_ARC = YES;
				CLANG_ENABLE_OBJC_WEAK = YES;
				CLANG_WARN_BLOCK_CAPTURE_AUTORELEASING = YES;
				CLANG_WARN_BOOL_CONVERSION = YES;
				CLANG_WARN_COMMA = YES;
				CLANG_WARN_CONSTANT_CONVERSION = YES;
				CLANG_WARN_DEPRECATED_OBJC_IMPLEMENTATIONS = YES;
				CLANG_WARN_DIRECT_OBJC_ISA_USAGE = YES_ERROR;
				CLANG_WARN_DOCUMENTATION_COMMENTS = YES;
				CLANG_WARN_EMPTY_BODY = YES;
				CLANG_WARN_ENUM_CONVERSION = YES;
				CLANG_WARN_INFINITE_RECURSION = YES;
				CLANG_WARN_INT_CONVERSION = YES;
				CLANG_WARN_NON_LITERAL_NULL_CONVERSION = YES;
				CLANG_WARN_OBJC_IMPLICIT_RETAIN_SELF = YES;
				CLANG_WARN_OBJC_LITERAL_CONVERSION = YES;
				CLANG_WARN_OBJC_ROOT_CLASS = YES_ERROR;
				CLANG_WARN_RANGE_LOOP_ANALYSIS = YES;
				CLANG_WARN_STRICT_PROTOTYPES = YES;
				CLANG_WARN_SUSPICIOUS_MOVE = YES;
				CLANG_WARN_UNGUARDED_AVAILABILITY = YES_AGGRESSIVE;
				CLANG_WARN_UNREACHABLE_CODE = YES;
				CLANG_WARN__DUPLICATE_METHOD_MATCH = YES;
				CODE_SIGN_IDENTITY = "iPhone Developer";
				COPY_PHASE_STRIP = NO;
				DEBUG_INFORMATION_FORMAT = dwarf;
				ENABLE_STRICT_OBJC_MSGSEND = YES;
				ENABLE_TESTABILITY = YES;
				GCC_C_LANGUAGE_STANDARD = gnu11;
				GCC_DYNAMIC_NO_PIC = NO;
				GCC_NO_COMMON_BLOCKS = YES;
				GCC_OPTIMIZATION_LEVEL = 0;
				GCC_PREPROCESSOR_DEFINITIONS = (
					"DEBUG=1",
					"$(inherited)",
				);
				GCC_WARN_64_TO_32_BIT_CONVERSION = YES;
				GCC_WARN_ABOUT_RETURN_TYPE = YES_ERROR;
				GCC_WARN_UNDECLARED_SELECTOR = YES;
				GCC_WARN_UNINITIALIZED_AUTOS = YES_AGGRESSIVE;
				GCC_WARN_UNUSED_FUNCTION = YES;
				GCC_WARN_UNUSED_VARIABLE = YES;
				IPHONEOS_DEPLOYMENT_TARGET = 11.4;
				MTL_ENABLE_DEBUG_INFO = YES;
				ONLY_ACTIVE_ARCH = YES;
				SDKROOT = iphoneos;
				SWIFT_ACTIVE_COMPILATION_CONDITIONS = DEBUG;
				SWIFT_OPTIMIZATION_LEVEL = "-Onone";
			};
			name = Debug;
		};
		FC54881D20EC194B007BB6CE /* Release */ = {
			isa = XCBuildConfiguration;
			buildSettings = {
				ALWAYS_SEARCH_USER_PATHS = NO;
				CLANG_ANALYZER_NONNULL = YES;
				CLANG_ANALYZER_NUMBER_OBJECT_CONVERSION = YES_AGGRESSIVE;
				CLANG_CXX_LANGUAGE_STANDARD = "gnu++14";
				CLANG_CXX_LIBRARY = "libc++";
				CLANG_ENABLE_MODULES = YES;
				CLANG_ENABLE_OBJC_ARC = YES;
				CLANG_ENABLE_OBJC_WEAK = YES;
				CLANG_WARN_BLOCK_CAPTURE_AUTORELEASING = YES;
				CLANG_WARN_BOOL_CONVERSION = YES;
				CLANG_WARN_COMMA = YES;
				CLANG_WARN_CONSTANT_CONVERSION = YES;
				CLANG_WARN_DEPRECATED_OBJC_IMPLEMENTATIONS = YES;
				CLANG_WARN_DIRECT_OBJC_ISA_USAGE = YES_ERROR;
				CLANG_WARN_DOCUMENTATION_COMMENTS = YES;
				CLANG_WARN_EMPTY_BODY = YES;
				CLANG_WARN_ENUM_CONVERSION = YES;
				CLANG_WARN_INFINITE_RECURSION = YES;
				CLANG_WARN_INT_CONVERSION = YES;
				CLANG_WARN_NON_LITERAL_NULL_CONVERSION = YES;
				CLANG_WARN_OBJC_IMPLICIT_RETAIN_SELF = YES;
				CLANG_WARN_OBJC_LITERAL_CONVERSION = YES;
				CLANG_WARN_OBJC_ROOT_CLASS = YES_ERROR;
				CLANG_WARN_RANGE_LOOP_ANALYSIS = YES;
				CLANG_WARN_STRICT_PROTOTYPES = YES;
				CLANG_WARN_SUSPICIOUS_MOVE = YES;
				CLANG_WARN_UNGUARDED_AVAILABILITY = YES_AGGRESSIVE;
				CLANG_WARN_UNREACHABLE_CODE = YES;
				CLANG_WARN__DUPLICATE_METHOD_MATCH = YES;
				CODE_SIGN_IDENTITY = "iPhone Developer";
				COPY_PHASE_STRIP = NO;
				DEBUG_INFORMATION_FORMAT = "dwarf-with-dsym";
				ENABLE_NS_ASSERTIONS = NO;
				ENABLE_STRICT_OBJC_MSGSEND = YES;
				GCC_C_LANGUAGE_STANDARD = gnu11;
				GCC_NO_COMMON_BLOCKS = YES;
				GCC_WARN_64_TO_32_BIT_CONVERSION = YES;
				GCC_WARN_ABOUT_RETURN_TYPE = YES_ERROR;
				GCC_WARN_UNDECLARED_SELECTOR = YES;
				GCC_WARN_UNINITIALIZED_AUTOS = YES_AGGRESSIVE;
				GCC_WARN_UNUSED_FUNCTION = YES;
				GCC_WARN_UNUSED_VARIABLE = YES;
				IPHONEOS_DEPLOYMENT_TARGET = 11.4;
				MTL_ENABLE_DEBUG_INFO = NO;
				SDKROOT = iphoneos;
				SWIFT_COMPILATION_MODE = wholemodule;
				SWIFT_OPTIMIZATION_LEVEL = "-O";
				VALIDATE_PRODUCT = YES;
			};
			name = Release;
		};
		FC54881F20EC194B007BB6CE /* Debug */ = {
			isa = XCBuildConfiguration;
			buildSettings = {
				ASSETCATALOG_COMPILER_APPICON_NAME = AppIcon;
				CODE_SIGN_STYLE = Automatic;
				DEVELOPMENT_TEAM = JB3PEBYKS2;
				INFOPLIST_FILE = "Plus or Minus/Info.plist";
				LD_RUNPATH_SEARCH_PATHS = (
					"$(inherited)",
					"@executable_path/Frameworks",
				);
				PRODUCT_BUNDLE_IDENTIFIER = "strange-powers.Plus-or-Minus";
				PRODUCT_NAME = "$(TARGET_NAME)";
				SWIFT_VERSION = 4.0;
				TARGETED_DEVICE_FAMILY = "1,2";
			};
			name = Debug;
		};
		FC54882020EC194B007BB6CE /* Release */ = {
			isa = XCBuildConfiguration;
			buildSettings = {
				ASSETCATALOG_COMPILER_APPICON_NAME = AppIcon;
				CODE_SIGN_STYLE = Automatic;
				DEVELOPMENT_TEAM = JB3PEBYKS2;
				INFOPLIST_FILE = "Plus or Minus/Info.plist";
				LD_RUNPATH_SEARCH_PATHS = (
					"$(inherited)",
					"@executable_path/Frameworks",
				);
				PRODUCT_BUNDLE_IDENTIFIER = "strange-powers.Plus-or-Minus";
				PRODUCT_NAME = "$(TARGET_NAME)";
				SWIFT_VERSION = 4.0;
				TARGETED_DEVICE_FAMILY = "1,2";
			};
			name = Release;
		};
/* End XCBuildConfiguration section */

/* Begin XCConfigurationList section */
		FC54880420EC194A007BB6CE /* Build configuration list for PBXProject "Plus or Minus" */ = {
			isa = XCConfigurationList;
			buildConfigurations = (
				FC54881C20EC194B007BB6CE /* Debug */,
				FC54881D20EC194B007BB6CE /* Release */,
			);
			defaultConfigurationIsVisible = 0;
			defaultConfigurationName = Release;
		};
		FC54881E20EC194B007BB6CE /* Build configuration list for PBXNativeTarget "Plus or Minus" */ = {
			isa = XCConfigurationList;
			buildConfigurations = (
				FC54881F20EC194B007BB6CE /* Debug */,
				FC54882020EC194B007BB6CE /* Release */,
			);
			defaultConfigurationIsVisible = 0;
			defaultConfigurationName = Release;
		};
/* End XCConfigurationList section */

/* Begin XCVersionGroup section */
		FC54881320EC194A007BB6CE /* Plus_or_Minus.xcdatamodeld */ = {
			isa = XCVersionGroup;
			children = (
				FC54881420EC194A007BB6CE /* Plus_or_Minus.xcdatamodel */,
			);
			currentVersion = FC54881420EC194A007BB6CE /* Plus_or_Minus.xcdatamodel */;
			path = Plus_or_Minus.xcdatamodeld;
			sourceTree = "<group>";
			versionGroupType = wrapper.xcdatamodel;
		};
/* End XCVersionGroup section */
	};
	rootObject = FC54880120EC194A007BB6CE /* Project object */;
}
